PODS:
  - NCMB (1.1.0)

DEPENDENCIES:
  - NCMB (from `https://github.com/NIFCLOUD-mbaas/ncmb_swift.git`)

EXTERNAL SOURCES:
  NCMB:
    :git: https://github.com/NIFCLOUD-mbaas/ncmb_swift.git

CHECKOUT OPTIONS:
  NCMB:
    :commit: f497bb8a02729713bc14b26d61d740ad92e0e6c4
    :git: https://github.com/NIFCLOUD-mbaas/ncmb_swift.git

SPEC CHECKSUMS:
  NCMB: e4884c5106977215291c5d5d192a81da9ab394ea

PODFILE CHECKSUM: 5b27590cd38cd69fa2390d391a5540e7f398d3f6

COCOAPODS: 1.10.0
