// !$*UTF8*$!
{
	archiveVersion = 1;
	classes = {
	};
	objectVersion = 56;
	objects = {

/* Begin PBXBuildFile section */
		0F482743299CFA840071AFAD /* AppDelegate.swift in Sources */ = {isa = PBXBuildFile; fileRef = 0F482742299CFA840071AFAD /* AppDelegate.swift */; };
		0F482745299CFA840071AFAD /* SceneDelegate.swift in Sources */ = {isa = PBXBuildFile; fileRef = 0F482744299CFA840071AFAD /* SceneDelegate.swift */; };
		0F482747299CFA840071AFAD /* ViewController.swift in Sources */ = {isa = PBXBuildFile; fileRef = 0F482746299CFA840071AFAD /* ViewController.swift */; };
		0F48274A299CFA840071AFAD /* Main.storyboard in Resources */ = {isa = PBXBuildFile; fileRef = 0F482748299CFA840071AFAD /* Main.storyboard */; };
		0F48274C299CFA860071AFAD /* Assets.xcassets in Resources */ = {isa = PBXBuildFile; fileRef = 0F48274B299CFA860071AFAD /* Assets.xcassets */; };
		0F48274F299CFA860071AFAD /* LaunchScreen.storyboard in Resources */ = {isa = PBXBuildFile; fileRef = 0F48274D299CFA860071AFAD /* LaunchScreen.storyboard */; };
		0F48275A299CFA860071AFAD /* SwiftPushAppTests.swift in Sources */ = {isa = PBXBuildFile; fileRef = 0F482759299CFA860071AFAD /* SwiftPushAppTests.swift */; };
		0F482764299CFA860071AFAD /* SwiftPushAppUITests.swift in Sources */ = {isa = PBXBuildFile; fileRef = 0F482763299CFA860071AFAD /* SwiftPushAppUITests.swift */; };
		0F482766299CFA860071AFAD /* SwiftPushAppUITestsLaunchTests.swift in Sources */ = {isa = PBXBuildFile; fileRef = 0F482765299CFA860071AFAD /* SwiftPushAppUITestsLaunchTests.swift */; };
		6F0DEBA7539ADFAD0E88BC2F /* Pods_SwiftPushApp.framework in Frameworks */ = {isa = PBXBuildFile; fileRef = 87F854A6B5716D4272A50AEF /* Pods_SwiftPushApp.framework */; };
		9C34DB9A451CB9AE20CC350F /* Pods_SwiftPushAppTests.framework in Frameworks */ = {isa = PBXBuildFile; fileRef = 6D32D5F9DF4C0A2AEE606FE9 /* Pods_SwiftPushAppTests.framework */; };
		F20B040118E7BD32D29342E6 /* Pods_SwiftPushApp_SwiftPushAppUITests.framework in Frameworks */ = {isa = PBXBuildFile; fileRef = 8A9C828C9875D2720A41B328 /* Pods_SwiftPushApp_SwiftPushAppUITests.framework */; };
/* End PBXBuildFile section */

/* Begin PBXContainerItemProxy section */
		0F482756299CFA860071AFAD /* PBXContainerItemProxy */ = {
			isa = PBXContainerItemProxy;
			containerPortal = 0F482737299CFA840071AFAD /* Project object */;
			proxyType = 1;
			remoteGlobalIDString = 0F48273E299CFA840071AFAD;
			remoteInfo = SwiftPushApp;
		};
		0F482760299CFA860071AFAD /* PBXContainerItemProxy */ = {
			isa = PBXContainerItemProxy;
			containerPortal = 0F482737299CFA840071AFAD /* Project object */;
			proxyType = 1;
			remoteGlobalIDString = 0F48273E299CFA840071AFAD;
			remoteInfo = SwiftPushApp;
		};
/* End PBXContainerItemProxy section */

/* Begin PBXFileReference section */
		0F48273F299CFA840071AFAD /* SwiftPushApp.app */ = {isa = PBXFileReference; explicitFileType = wrapper.application; includeInIndex = 0; path = SwiftPushApp.app; sourceTree = BUILT_PRODUCTS_DIR; };
		0F482742299CFA840071AFAD /* AppDelegate.swift */ = {isa = PBXFileReference; lastKnownFileType = sourcecode.swift; path = AppDelegate.swift; sourceTree = "<group>"; };
		0F482744299CFA840071AFAD /* SceneDelegate.swift */ = {isa = PBXFileReference; lastKnownFileType = sourcecode.swift; path = SceneDelegate.swift; sourceTree = "<group>"; };
		0F482746299CFA840071AFAD /* ViewController.swift */ = {isa = PBXFileReference; lastKnownFileType = sourcecode.swift; path = ViewController.swift; sourceTree = "<group>"; };
		0F482749299CFA840071AFAD /* Base */ = {isa = PBXFileReference; lastKnownFileType = file.storyboard; name = Base; path = Base.lproj/Main.storyboard; sourceTree = "<group>"; };
		0F48274B299CFA860071AFAD /* Assets.xcassets */ = {isa = PBXFileReference; lastKnownFileType = folder.assetcatalog; path = Assets.xcassets; sourceTree = "<group>"; };
		0F48274E299CFA860071AFAD /* Base */ = {isa = PBXFileReference; lastKnownFileType = file.storyboard; name = Base; path = Base.lproj/LaunchScreen.storyboard; sourceTree = "<group>"; };
		0F482750299CFA860071AFAD /* Info.plist */ = {isa = PBXFileReference; lastKnownFileType = text.plist.xml; path = Info.plist; sourceTree = "<group>"; };
		0F482755299CFA860071AFAD /* SwiftPushAppTests.xctest */ = {isa = PBXFileReference; explicitFileType = wrapper.cfbundle; includeInIndex = 0; path = SwiftPushAppTests.xctest; sourceTree = BUILT_PRODUCTS_DIR; };
		0F482759299CFA860071AFAD /* SwiftPushAppTests.swift */ = {isa = PBXFileReference; lastKnownFileType = sourcecode.swift; path = SwiftPushAppTests.swift; sourceTree = "<group>"; };
		0F48275F299CFA860071AFAD /* SwiftPushAppUITests.xctest */ = {isa = PBXFileReference; explicitFileType = wrapper.cfbundle; includeInIndex = 0; path = SwiftPushAppUITests.xctest; sourceTree = BUILT_PRODUCTS_DIR; };
		0F482763299CFA860071AFAD /* SwiftPushAppUITests.swift */ = {isa = PBXFileReference; lastKnownFileType = sourcecode.swift; path = SwiftPushAppUITests.swift; sourceTree = "<group>"; };
		0F482765299CFA860071AFAD /* SwiftPushAppUITestsLaunchTests.swift */ = {isa = PBXFileReference; lastKnownFileType = sourcecode.swift; path = SwiftPushAppUITestsLaunchTests.swift; sourceTree = "<group>"; };
		0F482772299CFAAE0071AFAD /* SwiftPushApp.entitlements */ = {isa = PBXFileReference; lastKnownFileType = text.plist.entitlements; path = SwiftPushApp.entitlements; sourceTree = "<group>"; };
		1C372040A953E7ADBC457137 /* Pods-SwiftPushApp-SwiftPushAppUITests.release.xcconfig */ = {isa = PBXFileReference; includeInIndex = 1; lastKnownFileType = text.xcconfig; name = "Pods-SwiftPushApp-SwiftPushAppUITests.release.xcconfig"; path = "Target Support Files/Pods-SwiftPushApp-SwiftPushAppUITests/Pods-SwiftPushApp-SwiftPushAppUITests.release.xcconfig"; sourceTree = "<group>"; };
		69B2ABF687E5DD89FF071932 /* Pods-SwiftPushApp.release.xcconfig */ = {isa = PBXFileReference; includeInIndex = 1; lastKnownFileType = text.xcconfig; name = "Pods-SwiftPushApp.release.xcconfig"; path = "Target Support Files/Pods-SwiftPushApp/Pods-SwiftPushApp.release.xcconfig"; sourceTree = "<group>"; };
		6D32D5F9DF4C0A2AEE606FE9 /* Pods_SwiftPushAppTests.framework */ = {isa = PBXFileReference; explicitFileType = wrapper.framework; includeInIndex = 0; path = Pods_SwiftPushAppTests.framework; sourceTree = BUILT_PRODUCTS_DIR; };
		7D5BA334431CD12F504F3E04 /* Pods-SwiftPushApp-SwiftPushAppUITests.debug.xcconfig */ = {isa = PBXFileReference; includeInIndex = 1; lastKnownFileType = text.xcconfig; name = "Pods-SwiftPushApp-SwiftPushAppUITests.debug.xcconfig"; path = "Target Support Files/Pods-SwiftPushApp-SwiftPushAppUITests/Pods-SwiftPushApp-SwiftPushAppUITests.debug.xcconfig"; sourceTree = "<group>"; };
		87F854A6B5716D4272A50AEF /* Pods_SwiftPushApp.framework */ = {isa = PBXFileReference; explicitFileType = wrapper.framework; includeInIndex = 0; path = Pods_SwiftPushApp.framework; sourceTree = BUILT_PRODUCTS_DIR; };
		8A9C828C9875D2720A41B328 /* Pods_SwiftPushApp_SwiftPushAppUITests.framework */ = {isa = PBXFileReference; explicitFileType = wrapper.framework; includeInIndex = 0; path = Pods_SwiftPushApp_SwiftPushAppUITests.framework; sourceTree = BUILT_PRODUCTS_DIR; };
		B57E2A354A400F8CDB6E16F3 /* Pods-SwiftPushAppTests.release.xcconfig */ = {isa = PBXFileReference; includeInIndex = 1; lastKnownFileType = text.xcconfig; name = "Pods-SwiftPushAppTests.release.xcconfig"; path = "Target Support Files/Pods-SwiftPushAppTests/Pods-SwiftPushAppTests.release.xcconfig"; sourceTree = "<group>"; };
		D1082F516E2B3368B2DC4D75 /* Pods-SwiftPushApp.debug.xcconfig */ = {isa = PBXFileReference; includeInIndex = 1; lastKnownFileType = text.xcconfig; name = "Pods-SwiftPushApp.debug.xcconfig"; path = "Target Support Files/Pods-SwiftPushApp/Pods-SwiftPushApp.debug.xcconfig"; sourceTree = "<group>"; };
		F25DDB4D100E61FCB622238D /* Pods-SwiftPushAppTests.debug.xcconfig */ = {isa = PBXFileReference; includeInIndex = 1; lastKnownFileType = text.xcconfig; name = "Pods-SwiftPushAppTests.debug.xcconfig"; path = "Target Support Files/Pods-SwiftPushAppTests/Pods-SwiftPushAppTests.debug.xcconfig"; sourceTree = "<group>"; };
/* End PBXFileReference section */

/* Begin PBXFrameworksBuildPhase section */
		0F48273C299CFA840071AFAD /* Frameworks */ = {
			isa = PBXFrameworksBuildPhase;
			buildActionMask = 2147483647;
			files = (
				6F0DEBA7539ADFAD0E88BC2F /* Pods_SwiftPushApp.framework in Frameworks */,
			);
			runOnlyForDeploymentPostprocessing = 0;
		};
		0F482752299CFA860071AFAD /* Frameworks */ = {
			isa = PBXFrameworksBuildPhase;
			buildActionMask = 2147483647;
			files = (
				9C34DB9A451CB9AE20CC350F /* Pods_SwiftPushAppTests.framework in Frameworks */,
			);
			runOnlyForDeploymentPostprocessing = 0;
		};
		0F48275C299CFA860071AFAD /* Frameworks */ = {
			isa = PBXFrameworksBuildPhase;
			buildActionMask = 2147483647;
			files = (
				F20B040118E7BD32D29342E6 /* Pods_SwiftPushApp_SwiftPushAppUITests.framework in Frameworks */,
			);
			runOnlyForDeploymentPostprocessing = 0;
		};
/* End PBXFrameworksBuildPhase section */

/* Begin PBXGroup section */
		0F482736299CFA840071AFAD = {
			isa = PBXGroup;
			children = (
				0F482741299CFA840071AFAD /* SwiftPushApp */,
				0F482758299CFA860071AFAD /* SwiftPushAppTests */,
				0F482762299CFA860071AFAD /* SwiftPushAppUITests */,
				0F482740299CFA840071AFAD /* Products */,
				992213997B285B7358EE0D50 /* Pods */,
				D555DBDCF54C140E66A9D4FD /* Frameworks */,
			);
			sourceTree = "<group>";
		};
		0F482740299CFA840071AFAD /* Products */ = {
			isa = PBXGroup;
			children = (
				0F48273F299CFA840071AFAD /* SwiftPushApp.app */,
				0F482755299CFA860071AFAD /* SwiftPushAppTests.xctest */,
				0F48275F299CFA860071AFAD /* SwiftPushAppUITests.xctest */,
			);
			name = Products;
			sourceTree = "<group>";
		};
		0F482741299CFA840071AFAD /* SwiftPushApp */ = {
			isa = PBXGroup;
			children = (
				0F482772299CFAAE0071AFAD /* SwiftPushApp.entitlements */,
				0F482742299CFA840071AFAD /* AppDelegate.swift */,
				0F482744299CFA840071AFAD /* SceneDelegate.swift */,
				0F482746299CFA840071AFAD /* ViewController.swift */,
				0F482748299CFA840071AFAD /* Main.storyboard */,
				0F48274B299CFA860071AFAD /* Assets.xcassets */,
				0F48274D299CFA860071AFAD /* LaunchScreen.storyboard */,
				0F482750299CFA860071AFAD /* Info.plist */,
			);
			path = SwiftPushApp;
			sourceTree = "<group>";
		};
		0F482758299CFA860071AFAD /* SwiftPushAppTests */ = {
			isa = PBXGroup;
			children = (
				0F482759299CFA860071AFAD /* SwiftPushAppTests.swift */,
			);
			path = SwiftPushAppTests;
			sourceTree = "<group>";
		};
		0F482762299CFA860071AFAD /* SwiftPushAppUITests */ = {
			isa = PBXGroup;
			children = (
				0F482763299CFA860071AFAD /* SwiftPushAppUITests.swift */,
				0F482765299CFA860071AFAD /* SwiftPushAppUITestsLaunchTests.swift */,
			);
			path = SwiftPushAppUITests;
			sourceTree = "<group>";
		};
		992213997B285B7358EE0D50 /* Pods */ = {
			isa = PBXGroup;
			children = (
				D1082F516E2B3368B2DC4D75 /* Pods-SwiftPushApp.debug.xcconfig */,
				69B2ABF687E5DD89FF071932 /* Pods-SwiftPushApp.release.xcconfig */,
				7D5BA334431CD12F504F3E04 /* Pods-SwiftPushApp-SwiftPushAppUITests.debug.xcconfig */,
				1C372040A953E7ADBC457137 /* Pods-SwiftPushApp-SwiftPushAppUITests.release.xcconfig */,
				F25DDB4D100E61FCB622238D /* Pods-SwiftPushAppTests.debug.xcconfig */,
				B57E2A354A400F8CDB6E16F3 /* Pods-SwiftPushAppTests.release.xcconfig */,
			);
			path = Pods;
			sourceTree = "<group>";
		};
		D555DBDCF54C140E66A9D4FD /* Frameworks */ = {
			isa = PBXGroup;
			children = (
				87F854A6B5716D4272A50AEF /* Pods_SwiftPushApp.framework */,
				8A9C828C9875D2720A41B328 /* Pods_SwiftPushApp_SwiftPushAppUITests.framework */,
				6D32D5F9DF4C0A2AEE606FE9 /* Pods_SwiftPushAppTests.framework */,
			);
			name = Frameworks;
			sourceTree = "<group>";
		};
/* End PBXGroup section */

/* Begin PBXNativeTarget section */
		0F48273E299CFA840071AFAD /* SwiftPushApp */ = {
			isa = PBXNativeTarget;
			buildConfigurationList = 0F482769299CFA860071AFAD /* Build configuration list for PBXNativeTarget "SwiftPushApp" */;
			buildPhases = (
				78E606176C226126C063B35E /* [CP] Check Pods Manifest.lock */,
				0F48273B299CFA840071AFAD /* Sources */,
				0F48273C299CFA840071AFAD /* Frameworks */,
				0F48273D299CFA840071AFAD /* Resources */,
				B8BDB8718DA7C07E4093B554 /* [CP] Embed Pods Frameworks */,
			);
			buildRules = (
			);
			dependencies = (
			);
			name = SwiftPushApp;
			productName = SwiftPushApp;
			productReference = 0F48273F299CFA840071AFAD /* SwiftPushApp.app */;
			productType = "com.apple.product-type.application";
		};
		0F482754299CFA860071AFAD /* SwiftPushAppTests */ = {
			isa = PBXNativeTarget;
			buildConfigurationList = 0F48276C299CFA860071AFAD /* Build configuration list for PBXNativeTarget "SwiftPushAppTests" */;
			buildPhases = (
				7B2E4CC3D3AB428FAFF8AA35 /* [CP] Check Pods Manifest.lock */,
				0F482751299CFA860071AFAD /* Sources */,
				0F482752299CFA860071AFAD /* Frameworks */,
				0F482753299CFA860071AFAD /* Resources */,
			);
			buildRules = (
			);
			dependencies = (
				0F482757299CFA860071AFAD /* PBXTargetDependency */,
			);
			name = SwiftPushAppTests;
			productName = SwiftPushAppTests;
			productReference = 0F482755299CFA860071AFAD /* SwiftPushAppTests.xctest */;
			productType = "com.apple.product-type.bundle.unit-test";
		};
		0F48275E299CFA860071AFAD /* SwiftPushAppUITests */ = {
			isa = PBXNativeTarget;
			buildConfigurationList = 0F48276F299CFA860071AFAD /* Build configuration list for PBXNativeTarget "SwiftPushAppUITests" */;
			buildPhases = (
				EACE7C3B84152CFAD4A2CD56 /* [CP] Check Pods Manifest.lock */,
				0F48275B299CFA860071AFAD /* Sources */,
				0F48275C299CFA860071AFAD /* Frameworks */,
				0F48275D299CFA860071AFAD /* Resources */,
				51EB6F9B6CF82609599C6B92 /* [CP] Embed Pods Frameworks */,
			);
			buildRules = (
			);
			dependencies = (
				0F482761299CFA860071AFAD /* PBXTargetDependency */,
			);
			name = SwiftPushAppUITests;
			productName = SwiftPushAppUITests;
			productReference = 0F48275F299CFA860071AFAD /* SwiftPushAppUITests.xctest */;
			productType = "com.apple.product-type.bundle.ui-testing";
		};
/* End PBXNativeTarget section */

/* Begin PBXProject section */
		0F482737299CFA840071AFAD /* Project object */ = {
			isa = PBXProject;
			attributes = {
				BuildIndependentTargetsInParallel = 1;
				LastSwiftUpdateCheck = 1420;
				LastUpgradeCheck = 1420;
				TargetAttributes = {
					0F48273E299CFA840071AFAD = {
						CreatedOnToolsVersion = 14.2;
					};
					0F482754299CFA860071AFAD = {
						CreatedOnToolsVersion = 14.2;
						TestTargetID = 0F48273E299CFA840071AFAD;
					};
					0F48275E299CFA860071AFAD = {
						CreatedOnToolsVersion = 14.2;
						TestTargetID = 0F48273E299CFA840071AFAD;
					};
				};
			};
			buildConfigurationList = 0F48273A299CFA840071AFAD /* Build configuration list for PBXProject "SwiftPushApp" */;
			compatibilityVersion = "Xcode 14.0";
			developmentRegion = en;
			hasScannedForEncodings = 0;
			knownRegions = (
				en,
				Base,
			);
			mainGroup = 0F482736299CFA840071AFAD;
			productRefGroup = 0F482740299CFA840071AFAD /* Products */;
			projectDirPath = "";
			projectRoot = "";
			targets = (
				0F48273E299CFA840071AFAD /* SwiftPushApp */,
				0F482754299CFA860071AFAD /* SwiftPushAppTests */,
				0F48275E299CFA860071AFAD /* SwiftPushAppUITests */,
			);
		};
/* End PBXProject section */

/* Begin PBXResourcesBuildPhase section */
		0F48273D299CFA840071AFAD /* Resources */ = {
			isa = PBXResourcesBuildPhase;
			buildActionMask = 2147483647;
			files = (
				0F48274F299CFA860071AFAD /* LaunchScreen.storyboard in Resources */,
				0F48274C299CFA860071AFAD /* Assets.xcassets in Resources */,
				0F48274A299CFA840071AFAD /* Main.storyboard in Resources */,
			);
			runOnlyForDeploymentPostprocessing = 0;
		};
		0F482753299CFA860071AFAD /* Resources */ = {
			isa = PBXResourcesBuildPhase;
			buildActionMask = 2147483647;
			files = (
			);
			runOnlyForDeploymentPostprocessing = 0;
		};
		0F48275D299CFA860071AFAD /* Resources */ = {
			isa = PBXResourcesBuildPhase;
			buildActionMask = 2147483647;
			files = (
			);
			runOnlyForDeploymentPostprocessing = 0;
		};
/* End PBXResourcesBuildPhase section */

/* Begin PBXShellScriptBuildPhase section */
		51EB6F9B6CF82609599C6B92 /* [CP] Embed Pods Frameworks */ = {
			isa = PBXShellScriptBuildPhase;
			buildActionMask = 2147483647;
			files = (
			);
			inputFileListPaths = (
				"${PODS_ROOT}/Target Support Files/Pods-SwiftPushApp-SwiftPushAppUITests/Pods-SwiftPushApp-SwiftPushAppUITests-frameworks-${CONFIGURATION}-input-files.xcfilelist",
			);
			name = "[CP] Embed Pods Frameworks";
			outputFileListPaths = (
				"${PODS_ROOT}/Target Support Files/Pods-SwiftPushApp-SwiftPushAppUITests/Pods-SwiftPushApp-SwiftPushAppUITests-frameworks-${CONFIGURATION}-output-files.xcfilelist",
			);
			runOnlyForDeploymentPostprocessing = 0;
			shellPath = /bin/sh;
			shellScript = "\"${PODS_ROOT}/Target Support Files/Pods-SwiftPushApp-SwiftPushAppUITests/Pods-SwiftPushApp-SwiftPushAppUITests-frameworks.sh\"\n";
			showEnvVarsInLog = 0;
		};
		78E606176C226126C063B35E /* [CP] Check Pods Manifest.lock */ = {
			isa = PBXShellScriptBuildPhase;
			buildActionMask = 2147483647;
			files = (
			);
			inputFileListPaths = (
			);
			inputPaths = (
				"${PODS_PODFILE_DIR_PATH}/Podfile.lock",
				"${PODS_ROOT}/Manifest.lock",
			);
			name = "[CP] Check Pods Manifest.lock";
			outputFileListPaths = (
			);
			outputPaths = (
				"$(DERIVED_FILE_DIR)/Pods-SwiftPushApp-checkManifestLockResult.txt",
			);
			runOnlyForDeploymentPostprocessing = 0;
			shellPath = /bin/sh;
			shellScript = "diff \"${PODS_PODFILE_DIR_PATH}/Podfile.lock\" \"${PODS_ROOT}/Manifest.lock\" > /dev/null\nif [ $? != 0 ] ; then\n    # print error to STDERR\n    echo \"error: The sandbox is not in sync with the Podfile.lock. Run 'pod install' or update your CocoaPods installation.\" >&2\n    exit 1\nfi\n# This output is used by Xcode 'outputs' to avoid re-running this script phase.\necho \"SUCCESS\" > \"${SCRIPT_OUTPUT_FILE_0}\"\n";
			showEnvVarsInLog = 0;
		};
		7B2E4CC3D3AB428FAFF8AA35 /* [CP] Check Pods Manifest.lock */ = {
			isa = PBXShellScriptBuildPhase;
			buildActionMask = 2147483647;
			files = (
			);
			inputFileListPaths = (
			);
			inputPaths = (
				"${PODS_PODFILE_DIR_PATH}/Podfile.lock",
				"${PODS_ROOT}/Manifest.lock",
			);
			name = "[CP] Check Pods Manifest.lock";
			outputFileListPaths = (
			);
			outputPaths = (
				"$(DERIVED_FILE_DIR)/Pods-SwiftPushAppTests-checkManifestLockResult.txt",
			);
			runOnlyForDeploymentPostprocessing = 0;
			shellPath = /bin/sh;
			shellScript = "diff \"${PODS_PODFILE_DIR_PATH}/Podfile.lock\" \"${PODS_ROOT}/Manifest.lock\" > /dev/null\nif [ $? != 0 ] ; then\n    # print error to STDERR\n    echo \"error: The sandbox is not in sync with the Podfile.lock. Run 'pod install' or update your CocoaPods installation.\" >&2\n    exit 1\nfi\n# This output is used by Xcode 'outputs' to avoid re-running this script phase.\necho \"SUCCESS\" > \"${SCRIPT_OUTPUT_FILE_0}\"\n";
			showEnvVarsInLog = 0;
		};
		B8BDB8718DA7C07E4093B554 /* [CP] Embed Pods Frameworks */ = {
			isa = PBXShellScriptBuildPhase;
			buildActionMask = 2147483647;
			files = (
			);
			inputFileListPaths = (
				"${PODS_ROOT}/Target Support Files/Pods-SwiftPushApp/Pods-SwiftPushApp-frameworks-${CONFIGURATION}-input-files.xcfilelist",
			);
			name = "[CP] Embed Pods Frameworks";
			outputFileListPaths = (
				"${PODS_ROOT}/Target Support Files/Pods-SwiftPushApp/Pods-SwiftPushApp-frameworks-${CONFIGURATION}-output-files.xcfilelist",
			);
			runOnlyForDeploymentPostprocessing = 0;
			shellPath = /bin/sh;
			shellScript = "\"${PODS_ROOT}/Target Support Files/Pods-SwiftPushApp/Pods-SwiftPushApp-frameworks.sh\"\n";
			showEnvVarsInLog = 0;
		};
		EACE7C3B84152CFAD4A2CD56 /* [CP] Check Pods Manifest.lock */ = {
			isa = PBXShellScriptBuildPhase;
			buildActionMask = 2147483647;
			files = (
			);
			inputFileListPaths = (
			);
			inputPaths = (
				"${PODS_PODFILE_DIR_PATH}/Podfile.lock",
				"${PODS_ROOT}/Manifest.lock",
			);
			name = "[CP] Check Pods Manifest.lock";
			outputFileListPaths = (
			);
			outputPaths = (
				"$(DERIVED_FILE_DIR)/Pods-SwiftPushApp-SwiftPushAppUITests-checkManifestLockResult.txt",
			);
			runOnlyForDeploymentPostprocessing = 0;
			shellPath = /bin/sh;
			shellScript = "diff \"${PODS_PODFILE_DIR_PATH}/Podfile.lock\" \"${PODS_ROOT}/Manifest.lock\" > /dev/null\nif [ $? != 0 ] ; then\n    # print error to STDERR\n    echo \"error: The sandbox is not in sync with the Podfile.lock. Run 'pod install' or update your CocoaPods installation.\" >&2\n    exit 1\nfi\n# This output is used by Xcode 'outputs' to avoid re-running this script phase.\necho \"SUCCESS\" > \"${SCRIPT_OUTPUT_FILE_0}\"\n";
			showEnvVarsInLog = 0;
		};
/* End PBXShellScriptBuildPhase section */

/* Begin PBXSourcesBuildPhase section */
		0F48273B299CFA840071AFAD /* Sources */ = {
			isa = PBXSourcesBuildPhase;
			buildActionMask = 2147483647;
			files = (
				0F482747299CFA840071AFAD /* ViewController.swift in Sources */,
				0F482743299CFA840071AFAD /* AppDelegate.swift in Sources */,
				0F482745299CFA840071AFAD /* SceneDelegate.swift in Sources */,
			);
			runOnlyForDeploymentPostprocessing = 0;
		};
		0F482751299CFA860071AFAD /* Sources */ = {
			isa = PBXSourcesBuildPhase;
			buildActionMask = 2147483647;
			files = (
				0F48275A299CFA860071AFAD /* SwiftPushAppTests.swift in Sources */,
			);
			runOnlyForDeploymentPostprocessing = 0;
		};
		0F48275B299CFA860071AFAD /* Sources */ = {
			isa = PBXSourcesBuildPhase;
			buildActionMask = 2147483647;
			files = (
				0F482766299CFA860071AFAD /* SwiftPushAppUITestsLaunchTests.swift in Sources */,
				0F482764299CFA860071AFAD /* SwiftPushAppUITests.swift in Sources */,
			);
			runOnlyForDeploymentPostprocessing = 0;
		};
/* End PBXSourcesBuildPhase section */

/* Begin PBXTargetDependency section */
		0F482757299CFA860071AFAD /* PBXTargetDependency */ = {
			isa = PBXTargetDependency;
			target = 0F48273E299CFA840071AFAD /* SwiftPushApp */;
			targetProxy = 0F482756299CFA860071AFAD /* PBXContainerItemProxy */;
		};
		0F482761299CFA860071AFAD /* PBXTargetDependency */ = {
			isa = PBXTargetDependency;
			target = 0F48273E299CFA840071AFAD /* SwiftPushApp */;
			targetProxy = 0F482760299CFA860071AFAD /* PBXContainerItemProxy */;
		};
/* End PBXTargetDependency section */

/* Begin PBXVariantGroup section */
		0F482748299CFA840071AFAD /* Main.storyboard */ = {
			isa = PBXVariantGroup;
			children = (
				0F482749299CFA840071AFAD /* Base */,
			);
			name = Main.storyboard;
			sourceTree = "<group>";
		};
		0F48274D299CFA860071AFAD /* LaunchScreen.storyboard */ = {
			isa = PBXVariantGroup;
			children = (
				0F48274E299CFA860071AFAD /* Base */,
			);
			name = LaunchScreen.storyboard;
			sourceTree = "<group>";
		};
/* End PBXVariantGroup section */

/* Begin XCBuildConfiguration section */
		0F482767299CFA860071AFAD /* Debug */ = {
			isa = XCBuildConfiguration;
			buildSettings = {
				ALWAYS_SEARCH_USER_PATHS = NO;
				CLANG_ANALYZER_NONNULL = YES;
				CLANG_ANALYZER_NUMBER_OBJECT_CONVERSION = YES_AGGRESSIVE;
				CLANG_CXX_LANGUAGE_STANDARD = "gnu++20";
				CLANG_ENABLE_MODULES = YES;
				CLANG_ENABLE_OBJC_ARC = YES;
				CLANG_ENABLE_OBJC_WEAK = YES;
				CLANG_WARN_BLOCK_CAPTURE_AUTORELEASING = YES;
				CLANG_WARN_BOOL_CONVERSION = YES;
				CLANG_WARN_COMMA = YES;
				CLANG_WARN_CONSTANT_CONVERSION = YES;
				CLANG_WARN_DEPRECATED_OBJC_IMPLEMENTATIONS = YES;
				CLANG_WARN_DIRECT_OBJC_ISA_USAGE = YES_ERROR;
				CLANG_WARN_DOCUMENTATION_COMMENTS = YES;
				CLANG_WARN_EMPTY_BODY = YES;
				CLANG_WARN_ENUM_CONVERSION = YES;
				CLANG_WARN_INFINITE_RECURSION = YES;
				CLANG_WARN_INT_CONVERSION = YES;
				CLANG_WARN_NON_LITERAL_NULL_CONVERSION = YES;
				CLANG_WARN_OBJC_IMPLICIT_RETAIN_SELF = YES;
				CLANG_WARN_OBJC_LITERAL_CONVERSION = YES;
				CLANG_WARN_OBJC_ROOT_CLASS = YES_ERROR;
				CLANG_WARN_QUOTED_INCLUDE_IN_FRAMEWORK_HEADER = YES;
				CLANG_WARN_RANGE_LOOP_ANALYSIS = YES;
				CLANG_WARN_STRICT_PROTOTYPES = YES;
				CLANG_WARN_SUSPICIOUS_MOVE = YES;
				CLANG_WARN_UNGUARDED_AVAILABILITY = YES_AGGRESSIVE;
				CLANG_WARN_UNREACHABLE_CODE = YES;
				CLANG_WARN__DUPLICATE_METHOD_MATCH = YES;
				COPY_PHASE_STRIP = NO;
				DEBUG_INFORMATION_FORMAT = dwarf;
				ENABLE_STRICT_OBJC_MSGSEND = YES;
				ENABLE_TESTABILITY = YES;
				GCC_C_LANGUAGE_STANDARD = gnu11;
				GCC_DYNAMIC_NO_PIC = NO;
				GCC_NO_COMMON_BLOCKS = YES;
				GCC_OPTIMIZATION_LEVEL = 0;
				GCC_PREPROCESSOR_DEFINITIONS = (
					"DEBUG=1",
					"$(inherited)",
				);
				GCC_WARN_64_TO_32_BIT_CONVERSION = YES;
				GCC_WARN_ABOUT_RETURN_TYPE = YES_ERROR;
				GCC_WARN_UNDECLARED_SELECTOR = YES;
				GCC_WARN_UNINITIALIZED_AUTOS = YES_AGGRESSIVE;
				GCC_WARN_UNUSED_FUNCTION = YES;
				GCC_WARN_UNUSED_VARIABLE = YES;
				IPHONEOS_DEPLOYMENT_TARGET = 16.2;
				MTL_ENABLE_DEBUG_INFO = INCLUDE_SOURCE;
				MTL_FAST_MATH = YES;
				ONLY_ACTIVE_ARCH = YES;
				SDKROOT = iphoneos;
				SWIFT_ACTIVE_COMPILATION_CONDITIONS = DEBUG;
				SWIFT_OPTIMIZATION_LEVEL = "-Onone";
			};
			name = Debug;
		};
		0F482768299CFA860071AFAD /* Release */ = {
			isa = XCBuildConfiguration;
			buildSettings = {
				ALWAYS_SEARCH_USER_PATHS = NO;
				CLANG_ANALYZER_NONNULL = YES;
				CLANG_ANALYZER_NUMBER_OBJECT_CONVERSION = YES_AGGRESSIVE;
				CLANG_CXX_LANGUAGE_STANDARD = "gnu++20";
				CLANG_ENABLE_MODULES = YES;
				CLANG_ENABLE_OBJC_ARC = YES;
				CLANG_ENABLE_OBJC_WEAK = YES;
				CLANG_WARN_BLOCK_CAPTURE_AUTORELEASING = YES;
				CLANG_WARN_BOOL_CONVERSION = YES;
				CLANG_WARN_COMMA = YES;
				CLANG_WARN_CONSTANT_CONVERSION = YES;
				CLANG_WARN_DEPRECATED_OBJC_IMPLEMENTATIONS = YES;
				CLANG_WARN_DIRECT_OBJC_ISA_USAGE = YES_ERROR;
				CLANG_WARN_DOCUMENTATION_COMMENTS = YES;
				CLANG_WARN_EMPTY_BODY = YES;
				CLANG_WARN_ENUM_CONVERSION = YES;
				CLANG_WARN_INFINITE_RECURSION = YES;
				CLANG_WARN_INT_CONVERSION = YES;
				CLANG_WARN_NON_LITERAL_NULL_CONVERSION = YES;
				CLANG_WARN_OBJC_IMPLICIT_RETAIN_SELF = YES;
				CLANG_WARN_OBJC_LITERAL_CONVERSION = YES;
				CLANG_WARN_OBJC_ROOT_CLASS = YES_ERROR;
				CLANG_WARN_QUOTED_INCLUDE_IN_FRAMEWORK_HEADER = YES;
				CLANG_WARN_RANGE_LOOP_ANALYSIS = YES;
				CLANG_WARN_STRICT_PROTOTYPES = YES;
				CLANG_WARN_SUSPICIOUS_MOVE = YES;
				CLANG_WARN_UNGUARDED_AVAILABILITY = YES_AGGRESSIVE;
				CLANG_WARN_UNREACHABLE_CODE = YES;
				CLANG_WARN__DUPLICATE_METHOD_MATCH = YES;
				COPY_PHASE_STRIP = NO;
				DEBUG_INFORMATION_FORMAT = "dwarf-with-dsym";
				ENABLE_NS_ASSERTIONS = NO;
				ENABLE_STRICT_OBJC_MSGSEND = YES;
				GCC_C_LANGUAGE_STANDARD = gnu11;
				GCC_NO_COMMON_BLOCKS = YES;
				GCC_WARN_64_TO_32_BIT_CONVERSION = YES;
				GCC_WARN_ABOUT_RETURN_TYPE = YES_ERROR;
				GCC_WARN_UNDECLARED_SELECTOR = YES;
				GCC_WARN_UNINITIALIZED_AUTOS = YES_AGGRESSIVE;
				GCC_WARN_UNUSED_FUNCTION = YES;
				GCC_WARN_UNUSED_VARIABLE = YES;
				IPHONEOS_DEPLOYMENT_TARGET = 16.2;
				MTL_ENABLE_DEBUG_INFO = NO;
				MTL_FAST_MATH = YES;
				SDKROOT = iphoneos;
				SWIFT_COMPILATION_MODE = wholemodule;
				SWIFT_OPTIMIZATION_LEVEL = "-O";
				VALIDATE_PRODUCT = YES;
			};
			name = Release;
		};
		0F48276A299CFA860071AFAD /* Debug */ = {
			isa = XCBuildConfiguration;
			baseConfigurationReference = D1082F516E2B3368B2DC4D75 /* Pods-SwiftPushApp.debug.xcconfig */;
			buildSettings = {
				ASSETCATALOG_COMPILER_APPICON_NAME = AppIcon;
				ASSETCATALOG_COMPILER_GLOBAL_ACCENT_COLOR_NAME = AccentColor;
				CODE_SIGN_ENTITLEMENTS = SwiftPushApp/SwiftPushApp.entitlements;
				"CODE_SIGN_IDENTITY[sdk=iphoneos*]" = "iPhone Developer";
				CODE_SIGN_STYLE = Manual;
				CURRENT_PROJECT_VERSION = 1;
				DEVELOPMENT_TEAM = "";
				"DEVELOPMENT_TEAM[sdk=iphoneos*]" = 93WJ9RBTRU;
				GENERATE_INFOPLIST_FILE = YES;
				INFOPLIST_FILE = SwiftPushApp/Info.plist;
				INFOPLIST_KEY_UIApplicationSupportsIndirectInputEvents = YES;
				INFOPLIST_KEY_UILaunchStoryboardName = LaunchScreen;
				INFOPLIST_KEY_UIMainStoryboardFile = Main;
				INFOPLIST_KEY_UISupportedInterfaceOrientations_iPad = "UIInterfaceOrientationPortrait UIInterfaceOrientationPortraitUpsideDown UIInterfaceOrientationLandscapeLeft UIInterfaceOrientationLandscapeRight";
				INFOPLIST_KEY_UISupportedInterfaceOrientations_iPhone = "UIInterfaceOrientationPortrait UIInterfaceOrientationLandscapeLeft UIInterfaceOrientationLandscapeRight";
				IPHONEOS_DEPLOYMENT_TARGET = 13.0;
				LD_RUNPATH_SEARCH_PATHS = (
					"$(inherited)",
					"@executable_path/Frameworks",
				);
				MARKETING_VERSION = 1.0;
				PRODUCT_BUNDLE_IDENTIFIER = com.nifcloud.swiftpushapp;
				PRODUCT_NAME = "$(TARGET_NAME)";
				PROVISIONING_PROFILE_SPECIFIER = "";
				SUPPORTED_PLATFORMS = "iphoneos iphonesimulator";
				SUPPORTS_MACCATALYST = NO;
				SUPPORTS_MAC_DESIGNED_FOR_IPHONE_IPAD = NO;
				SWIFT_EMIT_LOC_STRINGS = YES;
				SWIFT_VERSION = 5.0;
				TARGETED_DEVICE_FAMILY = 1;
			};
			name = Debug;
		};
		0F48276B299CFA860071AFAD /* Release */ = {
			isa = XCBuildConfiguration;
			baseConfigurationReference = 69B2ABF687E5DD89FF071932 /* Pods-SwiftPushApp.release.xcconfig */;
			buildSettings = {
				ASSETCATALOG_COMPILER_APPICON_NAME = AppIcon;
				ASSETCATALOG_COMPILER_GLOBAL_ACCENT_COLOR_NAME = AccentColor;
				CODE_SIGN_ENTITLEMENTS = SwiftPushApp/SwiftPushApp.entitlements;
				"CODE_SIGN_IDENTITY[sdk=iphoneos*]" = "iPhone Developer";
				CODE_SIGN_STYLE = Manual;
				CURRENT_PROJECT_VERSION = 1;
				DEVELOPMENT_TEAM = "";
				"DEVELOPMENT_TEAM[sdk=iphoneos*]" = 93WJ9RBTRU;
				GENERATE_INFOPLIST_FILE = YES;
				INFOPLIST_FILE = SwiftPushApp/Info.plist;
				INFOPLIST_KEY_UIApplicationSupportsIndirectInputEvents = YES;
				INFOPLIST_KEY_UILaunchStoryboardName = LaunchScreen;
				INFOPLIST_KEY_UIMainStoryboardFile = Main;
				INFOPLIST_KEY_UISupportedInterfaceOrientations_iPad = "UIInterfaceOrientationPortrait UIInterfaceOrientationPortraitUpsideDown UIInterfaceOrientationLandscapeLeft UIInterfaceOrientationLandscapeRight";
				INFOPLIST_KEY_UISupportedInterfaceOrientations_iPhone = "UIInterfaceOrientationPortrait UIInterfaceOrientationLandscapeLeft UIInterfaceOrientationLandscapeRight";
				IPHONEOS_DEPLOYMENT_TARGET = 13.0;
				LD_RUNPATH_SEARCH_PATHS = (
					"$(inherited)",
					"@executable_path/Frameworks",
				);
				MARKETING_VERSION = 1.0;
				PRODUCT_BUNDLE_IDENTIFIER = com.nifcloud.swiftpushapp;
				PRODUCT_NAME = "$(TARGET_NAME)";
				PROVISIONING_PROFILE_SPECIFIER = "";
				"PROVISIONING_PROFILE_SPECIFIER[sdk=iphoneos*]" = tanakaProvisioning;
				SUPPORTED_PLATFORMS = "iphoneos iphonesimulator";
				SUPPORTS_MACCATALYST = NO;
				SUPPORTS_MAC_DESIGNED_FOR_IPHONE_IPAD = NO;
				SWIFT_EMIT_LOC_STRINGS = YES;
				SWIFT_VERSION = 5.0;
				TARGETED_DEVICE_FAMILY = 1;
			};
			name = Release;
		};
		0F48276D299CFA860071AFAD /* Debug */ = {
			isa = XCBuildConfiguration;
			baseConfigurationReference = F25DDB4D100E61FCB622238D /* Pods-SwiftPushAppTests.debug.xcconfig */;
			buildSettings = {
				ALWAYS_EMBED_SWIFT_STANDARD_LIBRARIES = YES;
				BUNDLE_LOADER = "$(TEST_HOST)";
				CODE_SIGN_STYLE = Automatic;
				CURRENT_PROJECT_VERSION = 1;
				DEVELOPMENT_TEAM = WU3PXNDFCK;
				GENERATE_INFOPLIST_FILE = YES;
				IPHONEOS_DEPLOYMENT_TARGET = 16.2;
				MARKETING_VERSION = 1.0;
				PRODUCT_BUNDLE_IDENTIFIER = com.nifcloud.swiftpushapp.SwiftPushAppTests;
				PRODUCT_NAME = "$(TARGET_NAME)";
				SUPPORTED_PLATFORMS = "iphoneos iphonesimulator";
				SUPPORTS_MACCATALYST = NO;
				SUPPORTS_MAC_DESIGNED_FOR_IPHONE_IPAD = NO;
				SWIFT_EMIT_LOC_STRINGS = NO;
				SWIFT_VERSION = 5.0;
				TARGETED_DEVICE_FAMILY = 1;
				TEST_HOST = "$(BUILT_PRODUCTS_DIR)/SwiftPushApp.app/$(BUNDLE_EXECUTABLE_FOLDER_PATH)/SwiftPushApp";
			};
			name = Debug;
		};
		0F48276E299CFA860071AFAD /* Release */ = {
			isa = XCBuildConfiguration;
			baseConfigurationReference = B57E2A354A400F8CDB6E16F3 /* Pods-SwiftPushAppTests.release.xcconfig */;
			buildSettings = {
				ALWAYS_EMBED_SWIFT_STANDARD_LIBRARIES = YES;
				BUNDLE_LOADER = "$(TEST_HOST)";
				CODE_SIGN_STYLE = Automatic;
				CURRENT_PROJECT_VERSION = 1;
				DEVELOPMENT_TEAM = WU3PXNDFCK;
				GENERATE_INFOPLIST_FILE = YES;
				IPHONEOS_DEPLOYMENT_TARGET = 16.2;
				MARKETING_VERSION = 1.0;
				PRODUCT_BUNDLE_IDENTIFIER = com.nifcloud.swiftpushapp.SwiftPushAppTests;
				PRODUCT_NAME = "$(TARGET_NAME)";
				SUPPORTED_PLATFORMS = "iphoneos iphonesimulator";
				SUPPORTS_MACCATALYST = NO;
				SUPPORTS_MAC_DESIGNED_FOR_IPHONE_IPAD = NO;
				SWIFT_EMIT_LOC_STRINGS = NO;
				SWIFT_VERSION = 5.0;
				TARGETED_DEVICE_FAMILY = 1;
				TEST_HOST = "$(BUILT_PRODUCTS_DIR)/SwiftPushApp.app/$(BUNDLE_EXECUTABLE_FOLDER_PATH)/SwiftPushApp";
			};
			name = Release;
		};
		0F482770299CFA860071AFAD /* Debug */ = {
			isa = XCBuildConfiguration;
			baseConfigurationReference = 7D5BA334431CD12F504F3E04 /* Pods-SwiftPushApp-SwiftPushAppUITests.debug.xcconfig */;
			buildSettings = {
				ALWAYS_EMBED_SWIFT_STANDARD_LIBRARIES = YES;
				CODE_SIGN_STYLE = Automatic;
				CURRENT_PROJECT_VERSION = 1;
				DEVELOPMENT_TEAM = WU3PXNDFCK;
				GENERATE_INFOPLIST_FILE = YES;
				MARKETING_VERSION = 1.0;
				PRODUCT_BUNDLE_IDENTIFIER = com.nifcloud.swiftpushapp.SwiftPushAppUITests;
				PRODUCT_NAME = "$(TARGET_NAME)";
				SUPPORTED_PLATFORMS = "iphoneos iphonesimulator";
				SUPPORTS_MACCATALYST = NO;
				SUPPORTS_MAC_DESIGNED_FOR_IPHONE_IPAD = NO;
				SWIFT_EMIT_LOC_STRINGS = NO;
				SWIFT_VERSION = 5.0;
				TARGETED_DEVICE_FAMILY = 1;
				TEST_TARGET_NAME = SwiftPushApp;
			};
			name = Debug;
		};
		0F482771299CFA860071AFAD /* Release */ = {
			isa = XCBuildConfiguration;
			baseConfigurationReference = 1C372040A953E7ADBC457137 /* Pods-SwiftPushApp-SwiftPushAppUITests.release.xcconfig */;
			buildSettings = {
				ALWAYS_EMBED_SWIFT_STANDARD_LIBRARIES = YES;
				CODE_SIGN_STYLE = Automatic;
				CURRENT_PROJECT_VERSION = 1;
				DEVELOPMENT_TEAM = WU3PXNDFCK;
				GENERATE_INFOPLIST_FILE = YES;
				MARKETING_VERSION = 1.0;
				PRODUCT_BUNDLE_IDENTIFIER = com.nifcloud.swiftpushapp.SwiftPushAppUITests;
				PRODUCT_NAME = "$(TARGET_NAME)";
				SUPPORTED_PLATFORMS = "iphoneos iphonesimulator";
				SUPPORTS_MACCATALYST = NO;
				SUPPORTS_MAC_DESIGNED_FOR_IPHONE_IPAD = NO;
				SWIFT_EMIT_LOC_STRINGS = NO;
				SWIFT_VERSION = 5.0;
				TARGETED_DEVICE_FAMILY = 1;
				TEST_TARGET_NAME = SwiftPushApp;
			};
			name = Release;
		};
/* End XCBuildConfiguration section */

/* Begin XCConfigurationList section */
		0F48273A299CFA840071AFAD /* Build configuration list for PBXProject "SwiftPushApp" */ = {
			isa = XCConfigurationList;
			buildConfigurations = (
				0F482767299CFA860071AFAD /* Debug */,
				0F482768299CFA860071AFAD /* Release */,
			);
			defaultConfigurationIsVisible = 0;
			defaultConfigurationName = Release;
		};
		0F482769299CFA860071AFAD /* Build configuration list for PBXNativeTarget "SwiftPushApp" */ = {
			isa = XCConfigurationList;
			buildConfigurations = (
				0F48276A299CFA860071AFAD /* Debug */,
				0F48276B299CFA860071AFAD /* Release */,
			);
			defaultConfigurationIsVisible = 0;
			defaultConfigurationName = Release;
		};
		0F48276C299CFA860071AFAD /* Build configuration list for PBXNativeTarget "SwiftPushAppTests" */ = {
			isa = XCConfigurationList;
			buildConfigurations = (
				0F48276D299CFA860071AFAD /* Debug */,
				0F48276E299CFA860071AFAD /* Release */,
			);
			defaultConfigurationIsVisible = 0;
			defaultConfigurationName = Release;
		};
		0F48276F299CFA860071AFAD /* Build configuration list for PBXNativeTarget "SwiftPushAppUITests" */ = {
			isa = XCConfigurationList;
			buildConfigurations = (
				0F482770299CFA860071AFAD /* Debug */,
				0F482771299CFA860071AFAD /* Release */,
			);
			defaultConfigurationIsVisible = 0;
			defaultConfigurationName = Release;
		};
/* End XCConfigurationList section */
	};
	rootObject = 0F482737299CFA840071AFAD /* Project object */;
}
